
Microsoft Visual Studio Solution File, Format Version 12.00
# Visual Studio Version 17
VisualStudioVersion = 17.5.33627.172
MinimumVisualStudioVersion = 10.0.40219.1
Project("{FAE04EC0-301F-11D3-BF4B-00C04F79EFBC}") = "Calculator", "Calculator.csproj", "{CBF58C61-8237-4817-B612-668EF092A713}"
EndProject
Global
	GlobalSection(SolutionConfigurationPlatforms) = preSolution
		Debug|Any CPU = Debug|Any CPU
		Release|Any CPU = Release|Any CPU
	EndGlobalSection
	GlobalSection(ProjectConfigurationPlatforms) = postSolution
		{CBF58C61-8237-4817-B612-668EF092A713}.Debug|Any CPU.ActiveCfg = Debug|Any CPU
		{CBF58C61-8237-4817-B612-668EF092A713}.Debug|Any CPU.Build.0 = Debug|Any CPU
		{CBF58C61-8237-4817-B612-668EF092A713}.Release|Any CPU.ActiveCfg = Release|Any CPU
		{CBF58C61-8237-4817-B612-668EF092A713}.Release|Any CPU.Build.0 = Release|Any CPU
	EndGlobalSection
	GlobalSection(SolutionProperties) = preSolution
		HideSolutionNode = FALSE
	EndGlobalSection
	GlobalSection(ExtensibilityGlobals) = postSolution
		SolutionGuid = {FE5708FD-4222-4A75-B9D6-705134E531E3}
	EndGlobalSection
EndGlobal
